
Microsoft Visual Studio Solution File, Format Version 12.00
Project("{2150E333-8FDC-42A3-9474-1A3956D46DE8}") = "Creational-Patterns", "Creational-Patterns", "{9A99E40E-80BF-41CD-82AC-FA131977A68C}"
	ProjectSection(SolutionItems) = preProject
		Creational-Patterns\readme.md = Creational-Patterns\readme.md
	EndProjectSection
EndProject
Project("{2150E333-8FDC-42A3-9474-1A3956D46DE8}") = "Structural-Patterns", "Structural-Patterns", "{A488071B-275B-43F0-B5D4-7FD349ED7716}"
	ProjectSection(SolutionItems) = preProject
		Structural-Patterns\readme.md = Structural-Patterns\readme.md
	EndProjectSection
EndProject
Project("{2150E333-8FDC-42A3-9474-1A3956D46DE8}") = "Behavioral-Patterns", "Behavioral-Patterns", "{FBD9965E-B744-49B6-A6E8-CFCEC7A90884}"
	ProjectSection(SolutionItems) = preProject
		Behavioral-Patterns\readme.md = Behavioral-Patterns\readme.md
	EndProjectSection
EndProject
Project("{2150E333-8FDC-42A3-9474-1A3956D46DE8}") = "Factory-Method", "Factory-Method", "{505C99A8-7BA3-4ECD-944A-DAEA22635ABA}"
EndProject
Project("{2150E333-8FDC-42A3-9474-1A3956D46DE8}") = "Abstract-Factory", "Abstract-Factory", "{E0B134C2-F305-425E-9808-099B26C79F63}"
EndProject
Project("{2150E333-8FDC-42A3-9474-1A3956D46DE8}") = "Builder", "Builder", "{91E2D266-C980-4C22-B9AD-A1836AF8FED8}"
EndProject
Project("{2150E333-8FDC-42A3-9474-1A3956D46DE8}") = "Prototype", "Prototype", "{3E45F12D-240C-444F-905E-A9E677F55C11}"
EndProject
Project("{2150E333-8FDC-42A3-9474-1A3956D46DE8}") = "Singleton", "Singleton", "{B3C024E8-29FE-4F13-B280-409CE4D87032}"
EndProject
Project("{FAE04EC0-301F-11D3-BF4B-00C04F79EFBC}") = "Abstract-Factory", "Creational-Patterns\Abstract-Factory\Abstract-Factory.csproj", "{E88C7A6E-F155-4F9C-A1E6-0E74053B3390}"
EndProject
Project("{FAE04EC0-301F-11D3-BF4B-00C04F79EFBC}") = "Builder", "Creational-Patterns\Builder\Builder.csproj", "{DA846A22-B0E8-477D-AE57-807290815C6A}"
EndProject
Project("{FAE04EC0-301F-11D3-BF4B-00C04F79EFBC}") = "Factory-Method", "Creational-Patterns\Factory-Method\Factory-Method.csproj", "{99DD4633-031A-43EF-8EEE-8FC9698923FD}"
EndProject
Project("{FAE04EC0-301F-11D3-BF4B-00C04F79EFBC}") = "Prototype", "Creational-Patterns\Prototype\Prototype.csproj", "{3D921967-83EC-4BBE-AC5D-6BDD1487256C}"
EndProject
Project("{FAE04EC0-301F-11D3-BF4B-00C04F79EFBC}") = "Singleton", "Creational-Patterns\Singleton\Singleton.csproj", "{3A8992DC-8AC4-46F0-83B3-20FB7AA30C21}"
EndProject
Project("{2150E333-8FDC-42A3-9474-1A3956D46DE8}") = "Adapter", "Adapter", "{0F767C85-67AB-4CBD-B1D7-9AC5D781261E}"
EndProject
Project("{2150E333-8FDC-42A3-9474-1A3956D46DE8}") = "Bridge", "Bridge", "{AC9A2F39-0D7F-4F29-B110-B3A3AE163D10}"
EndProject
Project("{2150E333-8FDC-42A3-9474-1A3956D46DE8}") = "Composite", "Composite", "{73183A76-4F94-4B48-B46E-FBAD4D2BFBC0}"
EndProject
Project("{2150E333-8FDC-42A3-9474-1A3956D46DE8}") = "Decorator", "Decorator", "{F2BFC966-590F-4838-9AA3-ECBD8A7B86DF}"
EndProject
Project("{2150E333-8FDC-42A3-9474-1A3956D46DE8}") = "Facade", "Facade", "{0A39D363-62D1-40F1-9280-5346FED7B02B}"
EndProject
Project("{2150E333-8FDC-42A3-9474-1A3956D46DE8}") = "Flyweight", "Flyweight", "{32028AB1-B9A6-49D4-B87F-081270E3C718}"
EndProject
Project("{2150E333-8FDC-42A3-9474-1A3956D46DE8}") = "Proxy", "Proxy", "{BE9D1EAF-C9A7-407A-AD30-1816D60FBAE5}"
EndProject
Project("{2150E333-8FDC-42A3-9474-1A3956D46DE8}") = "Chain-of-Responsibility", "Chain-of-Responsibility", "{A5EA522E-E99C-4F26-95DD-56953A8C774B}"
EndProject
Project("{2150E333-8FDC-42A3-9474-1A3956D46DE8}") = "Command", "Command", "{DE6F828B-0139-44E4-802A-345ABA02C994}"
EndProject
Project("{2150E333-8FDC-42A3-9474-1A3956D46DE8}") = "Iterator", "Iterator", "{AF6C0B84-C933-4468-8834-0817266705CA}"
EndProject
Project("{2150E333-8FDC-42A3-9474-1A3956D46DE8}") = "Mediator", "Mediator", "{2F13D9A6-6FAC-455F-9236-E51D219E780E}"
EndProject
Project("{2150E333-8FDC-42A3-9474-1A3956D46DE8}") = "Memento", "Memento", "{106AF51C-E417-4FEB-A93D-FAD689553EEA}"
EndProject
Project("{2150E333-8FDC-42A3-9474-1A3956D46DE8}") = "Observer", "Observer", "{874348B7-C54F-4544-A9DF-2964AC03534E}"
EndProject
Project("{2150E333-8FDC-42A3-9474-1A3956D46DE8}") = "tests", "tests", "{29EE11B6-BAA4-45FB-9B82-FD5797C12CDC}"
EndProject
Project("{FAE04EC0-301F-11D3-BF4B-00C04F79EFBC}") = "Bridge", "Structural-Patterns\Bridge\Bridge.csproj", "{A1D322D1-EEA6-4529-938A-12233EA1D742}"
EndProject
Project("{FAE04EC0-301F-11D3-BF4B-00C04F79EFBC}") = "Adapter", "Structural-Patterns\Adapter\Adapter.csproj", "{BF785EF5-2E22-44C9-BB50-B0C1E2F57754}"
EndProject
Project("{FAE04EC0-301F-11D3-BF4B-00C04F79EFBC}") = "Decorator", "Structural-Patterns\Decorator\Decorator.csproj", "{6B1FC1E5-0DEF-4E9F-9015-181BA68DE65A}"
EndProject
Project("{FAE04EC0-301F-11D3-BF4B-00C04F79EFBC}") = "Proxy", "Structural-Patterns\Proxy\Proxy.csproj", "{7C0F9ECD-0CB1-4BBC-B05D-FF8405A9873C}"
EndProject
Project("{FAE04EC0-301F-11D3-BF4B-00C04F79EFBC}") = "Composite", "Structural-Patterns\Composite\Composite.csproj", "{23BB9936-BA11-474D-9980-15C57BF40FA9}"
EndProject
Project("{FAE04EC0-301F-11D3-BF4B-00C04F79EFBC}") = "StructuralPatterns.test", "tests\StructuralPatterns.test\StructuralPatterns.test.csproj", "{41EA0D33-1B41-44D6-8C4C-D1737E6F6B93}"
EndProject
Project("{FAE04EC0-301F-11D3-BF4B-00C04F79EFBC}") = "CreationalPatterns.test", "tests\CreationalPatterns.test\CreationalPatterns.test.csproj", "{71539D82-36DD-43AF-9981-07C2570D37A5}"
EndProject
Project("{FAE04EC0-301F-11D3-BF4B-00C04F79EFBC}") = "BehavioralPatterns.test", "tests\BehavioralPatterns.test\BehavioralPatterns.test.csproj", "{C5816431-8EFD-4423-83EA-D3050F11BD03}"
EndProject
Project("{FAE04EC0-301F-11D3-BF4B-00C04F79EFBC}") = "hands-on", "hands-on\hands-on.csproj", "{13D5BA6E-3EBC-44B3-97E3-FA2D1BB7F6F8}"
EndProject
Project("{FAE04EC0-301F-11D3-BF4B-00C04F79EFBC}") = "Facade", "Structural-Patterns\Facade\Facade.csproj", "{D64F4918-0880-4ABC-84AE-63C3597E0851}"
EndProject
Project("{FAE04EC0-301F-11D3-BF4B-00C04F79EFBC}") = "FlyWeight", "Structural-Patterns\FlyWeight\FlyWeight.csproj", "{904A2378-7EE5-4244-81FA-F3BB7CDC212F}"
EndProject
Project("{FAE04EC0-301F-11D3-BF4B-00C04F79EFBC}") = "ChainOfResponsibility", "Behavioral-Patterns\ChainOfResponsibility\ChainOfResponsibility.csproj", "{4DE3F1FF-96D0-4847-88B7-57E669E9E26E}"
EndProject
Project("{FAE04EC0-301F-11D3-BF4B-00C04F79EFBC}") = "Command", "Behavioral-Patterns\Command\Command.csproj", "{B27C3533-A569-4813-8446-2154BB292351}"
EndProject
Project("{FAE04EC0-301F-11D3-BF4B-00C04F79EFBC}") = "Iterator", "Behavioral-Patterns\Iterator\Iterator.csproj", "{F7C04A8B-DBE0-456E-9CCD-8AFAD1B1B0C4}"
EndProject
Project("{FAE04EC0-301F-11D3-BF4B-00C04F79EFBC}") = "Mediator", "Behavioral-Patterns\Mediator\Mediator.csproj", "{71AA9AB0-7F25-482A-9E0B-5F60467DCAA2}"
EndProject
Project("{FAE04EC0-301F-11D3-BF4B-00C04F79EFBC}") = "Memento", "Behavioral-Patterns\Memento\Memento.csproj", "{66FFDE3C-4920-41AD-A431-A815B27CC7A8}"
EndProject
Project("{FAE04EC0-301F-11D3-BF4B-00C04F79EFBC}") = "Observer", "Behavioral-Patterns\Observer\Observer.csproj", "{CAB91021-2D9D-41DF-B207-953094C41AA4}"
EndProject
Global
	GlobalSection(SolutionConfigurationPlatforms) = preSolution
		Debug|Any CPU = Debug|Any CPU
		Release|Any CPU = Release|Any CPU
	EndGlobalSection
	GlobalSection(ProjectConfigurationPlatforms) = postSolution
		{E88C7A6E-F155-4F9C-A1E6-0E74053B3390}.Debug|Any CPU.ActiveCfg = Debug|Any CPU
		{E88C7A6E-F155-4F9C-A1E6-0E74053B3390}.Debug|Any CPU.Build.0 = Debug|Any CPU
		{E88C7A6E-F155-4F9C-A1E6-0E74053B3390}.Release|Any CPU.ActiveCfg = Release|Any CPU
		{E88C7A6E-F155-4F9C-A1E6-0E74053B3390}.Release|Any CPU.Build.0 = Release|Any CPU
		{DA846A22-B0E8-477D-AE57-807290815C6A}.Debug|Any CPU.ActiveCfg = Debug|Any CPU
		{DA846A22-B0E8-477D-AE57-807290815C6A}.Debug|Any CPU.Build.0 = Debug|Any CPU
		{DA846A22-B0E8-477D-AE57-807290815C6A}.Release|Any CPU.ActiveCfg = Release|Any CPU
		{DA846A22-B0E8-477D-AE57-807290815C6A}.Release|Any CPU.Build.0 = Release|Any CPU
		{99DD4633-031A-43EF-8EEE-8FC9698923FD}.Debug|Any CPU.ActiveCfg = Debug|Any CPU
		{99DD4633-031A-43EF-8EEE-8FC9698923FD}.Debug|Any CPU.Build.0 = Debug|Any CPU
		{99DD4633-031A-43EF-8EEE-8FC9698923FD}.Release|Any CPU.ActiveCfg = Release|Any CPU
		{99DD4633-031A-43EF-8EEE-8FC9698923FD}.Release|Any CPU.Build.0 = Release|Any CPU
		{3D921967-83EC-4BBE-AC5D-6BDD1487256C}.Debug|Any CPU.ActiveCfg = Debug|Any CPU
		{3D921967-83EC-4BBE-AC5D-6BDD1487256C}.Debug|Any CPU.Build.0 = Debug|Any CPU
		{3D921967-83EC-4BBE-AC5D-6BDD1487256C}.Release|Any CPU.ActiveCfg = Release|Any CPU
		{3D921967-83EC-4BBE-AC5D-6BDD1487256C}.Release|Any CPU.Build.0 = Release|Any CPU
		{3A8992DC-8AC4-46F0-83B3-20FB7AA30C21}.Debug|Any CPU.ActiveCfg = Debug|Any CPU
		{3A8992DC-8AC4-46F0-83B3-20FB7AA30C21}.Debug|Any CPU.Build.0 = Debug|Any CPU
		{3A8992DC-8AC4-46F0-83B3-20FB7AA30C21}.Release|Any CPU.ActiveCfg = Release|Any CPU
		{3A8992DC-8AC4-46F0-83B3-20FB7AA30C21}.Release|Any CPU.Build.0 = Release|Any CPU
		{A1D322D1-EEA6-4529-938A-12233EA1D742}.Debug|Any CPU.ActiveCfg = Debug|Any CPU
		{A1D322D1-EEA6-4529-938A-12233EA1D742}.Debug|Any CPU.Build.0 = Debug|Any CPU
		{A1D322D1-EEA6-4529-938A-12233EA1D742}.Release|Any CPU.ActiveCfg = Release|Any CPU
		{A1D322D1-EEA6-4529-938A-12233EA1D742}.Release|Any CPU.Build.0 = Release|Any CPU
		{BF785EF5-2E22-44C9-BB50-B0C1E2F57754}.Debug|Any CPU.ActiveCfg = Debug|Any CPU
		{BF785EF5-2E22-44C9-BB50-B0C1E2F57754}.Debug|Any CPU.Build.0 = Debug|Any CPU
		{BF785EF5-2E22-44C9-BB50-B0C1E2F57754}.Release|Any CPU.ActiveCfg = Release|Any CPU
		{BF785EF5-2E22-44C9-BB50-B0C1E2F57754}.Release|Any CPU.Build.0 = Release|Any CPU
		{6B1FC1E5-0DEF-4E9F-9015-181BA68DE65A}.Debug|Any CPU.ActiveCfg = Debug|Any CPU
		{6B1FC1E5-0DEF-4E9F-9015-181BA68DE65A}.Debug|Any CPU.Build.0 = Debug|Any CPU
		{6B1FC1E5-0DEF-4E9F-9015-181BA68DE65A}.Release|Any CPU.ActiveCfg = Release|Any CPU
		{6B1FC1E5-0DEF-4E9F-9015-181BA68DE65A}.Release|Any CPU.Build.0 = Release|Any CPU
		{7C0F9ECD-0CB1-4BBC-B05D-FF8405A9873C}.Debug|Any CPU.ActiveCfg = Debug|Any CPU
		{7C0F9ECD-0CB1-4BBC-B05D-FF8405A9873C}.Debug|Any CPU.Build.0 = Debug|Any CPU
		{7C0F9ECD-0CB1-4BBC-B05D-FF8405A9873C}.Release|Any CPU.ActiveCfg = Release|Any CPU
		{7C0F9ECD-0CB1-4BBC-B05D-FF8405A9873C}.Release|Any CPU.Build.0 = Release|Any CPU
		{23BB9936-BA11-474D-9980-15C57BF40FA9}.Debug|Any CPU.ActiveCfg = Debug|Any CPU
		{23BB9936-BA11-474D-9980-15C57BF40FA9}.Debug|Any CPU.Build.0 = Debug|Any CPU
		{23BB9936-BA11-474D-9980-15C57BF40FA9}.Release|Any CPU.ActiveCfg = Release|Any CPU
		{23BB9936-BA11-474D-9980-15C57BF40FA9}.Release|Any CPU.Build.0 = Release|Any CPU
		{41EA0D33-1B41-44D6-8C4C-D1737E6F6B93}.Debug|Any CPU.ActiveCfg = Debug|Any CPU
		{41EA0D33-1B41-44D6-8C4C-D1737E6F6B93}.Debug|Any CPU.Build.0 = Debug|Any CPU
		{41EA0D33-1B41-44D6-8C4C-D1737E6F6B93}.Release|Any CPU.ActiveCfg = Release|Any CPU
		{41EA0D33-1B41-44D6-8C4C-D1737E6F6B93}.Release|Any CPU.Build.0 = Release|Any CPU
		{71539D82-36DD-43AF-9981-07C2570D37A5}.Debug|Any CPU.ActiveCfg = Debug|Any CPU
		{71539D82-36DD-43AF-9981-07C2570D37A5}.Debug|Any CPU.Build.0 = Debug|Any CPU
		{71539D82-36DD-43AF-9981-07C2570D37A5}.Release|Any CPU.ActiveCfg = Release|Any CPU
		{71539D82-36DD-43AF-9981-07C2570D37A5}.Release|Any CPU.Build.0 = Release|Any CPU
		{C5816431-8EFD-4423-83EA-D3050F11BD03}.Debug|Any CPU.ActiveCfg = Debug|Any CPU
		{C5816431-8EFD-4423-83EA-D3050F11BD03}.Debug|Any CPU.Build.0 = Debug|Any CPU
		{C5816431-8EFD-4423-83EA-D3050F11BD03}.Release|Any CPU.ActiveCfg = Release|Any CPU
		{C5816431-8EFD-4423-83EA-D3050F11BD03}.Release|Any CPU.Build.0 = Release|Any CPU
		{13D5BA6E-3EBC-44B3-97E3-FA2D1BB7F6F8}.Debug|Any CPU.ActiveCfg = Debug|Any CPU
		{13D5BA6E-3EBC-44B3-97E3-FA2D1BB7F6F8}.Debug|Any CPU.Build.0 = Debug|Any CPU
		{13D5BA6E-3EBC-44B3-97E3-FA2D1BB7F6F8}.Release|Any CPU.ActiveCfg = Release|Any CPU
		{13D5BA6E-3EBC-44B3-97E3-FA2D1BB7F6F8}.Release|Any CPU.Build.0 = Release|Any CPU
		{D64F4918-0880-4ABC-84AE-63C3597E0851}.Debug|Any CPU.ActiveCfg = Debug|Any CPU
		{D64F4918-0880-4ABC-84AE-63C3597E0851}.Debug|Any CPU.Build.0 = Debug|Any CPU
		{D64F4918-0880-4ABC-84AE-63C3597E0851}.Release|Any CPU.ActiveCfg = Release|Any CPU
		{D64F4918-0880-4ABC-84AE-63C3597E0851}.Release|Any CPU.Build.0 = Release|Any CPU
		{904A2378-7EE5-4244-81FA-F3BB7CDC212F}.Debug|Any CPU.ActiveCfg = Debug|Any CPU
		{904A2378-7EE5-4244-81FA-F3BB7CDC212F}.Debug|Any CPU.Build.0 = Debug|Any CPU
		{904A2378-7EE5-4244-81FA-F3BB7CDC212F}.Release|Any CPU.ActiveCfg = Release|Any CPU
		{904A2378-7EE5-4244-81FA-F3BB7CDC212F}.Release|Any CPU.Build.0 = Release|Any CPU
		{4DE3F1FF-96D0-4847-88B7-57E669E9E26E}.Debug|Any CPU.ActiveCfg = Debug|Any CPU
		{4DE3F1FF-96D0-4847-88B7-57E669E9E26E}.Debug|Any CPU.Build.0 = Debug|Any CPU
		{4DE3F1FF-96D0-4847-88B7-57E669E9E26E}.Release|Any CPU.ActiveCfg = Release|Any CPU
		{4DE3F1FF-96D0-4847-88B7-57E669E9E26E}.Release|Any CPU.Build.0 = Release|Any CPU
		{B27C3533-A569-4813-8446-2154BB292351}.Debug|Any CPU.ActiveCfg = Debug|Any CPU
		{B27C3533-A569-4813-8446-2154BB292351}.Debug|Any CPU.Build.0 = Debug|Any CPU
		{B27C3533-A569-4813-8446-2154BB292351}.Release|Any CPU.ActiveCfg = Release|Any CPU
		{B27C3533-A569-4813-8446-2154BB292351}.Release|Any CPU.Build.0 = Release|Any CPU
		{F7C04A8B-DBE0-456E-9CCD-8AFAD1B1B0C4}.Debug|Any CPU.ActiveCfg = Debug|Any CPU
		{F7C04A8B-DBE0-456E-9CCD-8AFAD1B1B0C4}.Debug|Any CPU.Build.0 = Debug|Any CPU
		{F7C04A8B-DBE0-456E-9CCD-8AFAD1B1B0C4}.Release|Any CPU.ActiveCfg = Release|Any CPU
		{F7C04A8B-DBE0-456E-9CCD-8AFAD1B1B0C4}.Release|Any CPU.Build.0 = Release|Any CPU
		{71AA9AB0-7F25-482A-9E0B-5F60467DCAA2}.Debug|Any CPU.ActiveCfg = Debug|Any CPU
		{71AA9AB0-7F25-482A-9E0B-5F60467DCAA2}.Debug|Any CPU.Build.0 = Debug|Any CPU
		{71AA9AB0-7F25-482A-9E0B-5F60467DCAA2}.Release|Any CPU.ActiveCfg = Release|Any CPU
		{71AA9AB0-7F25-482A-9E0B-5F60467DCAA2}.Release|Any CPU.Build.0 = Release|Any CPU
		{66FFDE3C-4920-41AD-A431-A815B27CC7A8}.Debug|Any CPU.ActiveCfg = Debug|Any CPU
		{66FFDE3C-4920-41AD-A431-A815B27CC7A8}.Debug|Any CPU.Build.0 = Debug|Any CPU
		{66FFDE3C-4920-41AD-A431-A815B27CC7A8}.Release|Any CPU.ActiveCfg = Release|Any CPU
		{66FFDE3C-4920-41AD-A431-A815B27CC7A8}.Release|Any CPU.Build.0 = Release|Any CPU
		{CAB91021-2D9D-41DF-B207-953094C41AA4}.Debug|Any CPU.ActiveCfg = Debug|Any CPU
		{CAB91021-2D9D-41DF-B207-953094C41AA4}.Debug|Any CPU.Build.0 = Debug|Any CPU
		{CAB91021-2D9D-41DF-B207-953094C41AA4}.Release|Any CPU.ActiveCfg = Release|Any CPU
		{CAB91021-2D9D-41DF-B207-953094C41AA4}.Release|Any CPU.Build.0 = Release|Any CPU
	EndGlobalSection
	GlobalSection(NestedProjects) = preSolution
		{E88C7A6E-F155-4F9C-A1E6-0E74053B3390} = {E0B134C2-F305-425E-9808-099B26C79F63}
		{DA846A22-B0E8-477D-AE57-807290815C6A} = {91E2D266-C980-4C22-B9AD-A1836AF8FED8}
		{99DD4633-031A-43EF-8EEE-8FC9698923FD} = {505C99A8-7BA3-4ECD-944A-DAEA22635ABA}
		{3D921967-83EC-4BBE-AC5D-6BDD1487256C} = {3E45F12D-240C-444F-905E-A9E677F55C11}
		{3A8992DC-8AC4-46F0-83B3-20FB7AA30C21} = {B3C024E8-29FE-4F13-B280-409CE4D87032}
		{E0B134C2-F305-425E-9808-099B26C79F63} = {9A99E40E-80BF-41CD-82AC-FA131977A68C}
		{91E2D266-C980-4C22-B9AD-A1836AF8FED8} = {9A99E40E-80BF-41CD-82AC-FA131977A68C}
		{505C99A8-7BA3-4ECD-944A-DAEA22635ABA} = {9A99E40E-80BF-41CD-82AC-FA131977A68C}
		{3E45F12D-240C-444F-905E-A9E677F55C11} = {9A99E40E-80BF-41CD-82AC-FA131977A68C}
		{B3C024E8-29FE-4F13-B280-409CE4D87032} = {9A99E40E-80BF-41CD-82AC-FA131977A68C}
		{0F767C85-67AB-4CBD-B1D7-9AC5D781261E} = {A488071B-275B-43F0-B5D4-7FD349ED7716}
		{AC9A2F39-0D7F-4F29-B110-B3A3AE163D10} = {A488071B-275B-43F0-B5D4-7FD349ED7716}
		{73183A76-4F94-4B48-B46E-FBAD4D2BFBC0} = {A488071B-275B-43F0-B5D4-7FD349ED7716}
		{F2BFC966-590F-4838-9AA3-ECBD8A7B86DF} = {A488071B-275B-43F0-B5D4-7FD349ED7716}
		{0A39D363-62D1-40F1-9280-5346FED7B02B} = {A488071B-275B-43F0-B5D4-7FD349ED7716}
		{32028AB1-B9A6-49D4-B87F-081270E3C718} = {A488071B-275B-43F0-B5D4-7FD349ED7716}
		{BE9D1EAF-C9A7-407A-AD30-1816D60FBAE5} = {A488071B-275B-43F0-B5D4-7FD349ED7716}
		{A5EA522E-E99C-4F26-95DD-56953A8C774B} = {FBD9965E-B744-49B6-A6E8-CFCEC7A90884}
		{DE6F828B-0139-44E4-802A-345ABA02C994} = {FBD9965E-B744-49B6-A6E8-CFCEC7A90884}
		{AF6C0B84-C933-4468-8834-0817266705CA} = {FBD9965E-B744-49B6-A6E8-CFCEC7A90884}
		{2F13D9A6-6FAC-455F-9236-E51D219E780E} = {FBD9965E-B744-49B6-A6E8-CFCEC7A90884}
		{106AF51C-E417-4FEB-A93D-FAD689553EEA} = {FBD9965E-B744-49B6-A6E8-CFCEC7A90884}
		{874348B7-C54F-4544-A9DF-2964AC03534E} = {FBD9965E-B744-49B6-A6E8-CFCEC7A90884}
		{A1D322D1-EEA6-4529-938A-12233EA1D742} = {AC9A2F39-0D7F-4F29-B110-B3A3AE163D10}
		{BF785EF5-2E22-44C9-BB50-B0C1E2F57754} = {0F767C85-67AB-4CBD-B1D7-9AC5D781261E}
		{6B1FC1E5-0DEF-4E9F-9015-181BA68DE65A} = {F2BFC966-590F-4838-9AA3-ECBD8A7B86DF}
		{7C0F9ECD-0CB1-4BBC-B05D-FF8405A9873C} = {BE9D1EAF-C9A7-407A-AD30-1816D60FBAE5}
		{23BB9936-BA11-474D-9980-15C57BF40FA9} = {73183A76-4F94-4B48-B46E-FBAD4D2BFBC0}
		{41EA0D33-1B41-44D6-8C4C-D1737E6F6B93} = {29EE11B6-BAA4-45FB-9B82-FD5797C12CDC}
		{71539D82-36DD-43AF-9981-07C2570D37A5} = {29EE11B6-BAA4-45FB-9B82-FD5797C12CDC}
		{C5816431-8EFD-4423-83EA-D3050F11BD03} = {29EE11B6-BAA4-45FB-9B82-FD5797C12CDC}
		{D64F4918-0880-4ABC-84AE-63C3597E0851} = {0A39D363-62D1-40F1-9280-5346FED7B02B}
		{904A2378-7EE5-4244-81FA-F3BB7CDC212F} = {32028AB1-B9A6-49D4-B87F-081270E3C718}
		{4DE3F1FF-96D0-4847-88B7-57E669E9E26E} = {A5EA522E-E99C-4F26-95DD-56953A8C774B}
		{B27C3533-A569-4813-8446-2154BB292351} = {DE6F828B-0139-44E4-802A-345ABA02C994}
		{F7C04A8B-DBE0-456E-9CCD-8AFAD1B1B0C4} = {AF6C0B84-C933-4468-8834-0817266705CA}
		{71AA9AB0-7F25-482A-9E0B-5F60467DCAA2} = {2F13D9A6-6FAC-455F-9236-E51D219E780E}
		{66FFDE3C-4920-41AD-A431-A815B27CC7A8} = {106AF51C-E417-4FEB-A93D-FAD689553EEA}
		{CAB91021-2D9D-41DF-B207-953094C41AA4} = {874348B7-C54F-4544-A9DF-2964AC03534E}
	EndGlobalSection
EndGlobal
